
Microsoft Visual Studio Solution File, Format Version 12.00
# Visual Studio 15
Project("{FAE04EC0-301F-11D3-BF4B-00C04F79EFBC}") = "Assembly-CSharp", "Assembly-CSharp.csproj", "{7AF9BAEB-92A3-7101-40ED-62C2E88EEE64}"
EndProject
Project("{FAE04EC0-301F-11D3-BF4B-00C04F79EFBC}") = "Oculus.VR", "Oculus.VR.csproj", "{DED14F87-178F-627C-EB58-AD0BA189A70A}"
EndProject
Project("{FAE04EC0-301F-11D3-BF4B-00C04F79EFBC}") = "Oculus.Platform", "Oculus.Platform.csproj", "{0EEB6D64-D841-31AF-FD20-CF39D1004351}"
EndProject
Project("{FAE04EC0-301F-11D3-BF4B-00C04F79EFBC}") = "Assembly-CSharp-Editor", "Assembly-CSharp-Editor.csproj", "{432D6500-C706-C804-BE66-AA1CD41F06B0}"
EndProject
Project("{FAE04EC0-301F-11D3-BF4B-00C04F79EFBC}") = "Oculus.VR.Scripts.Editor", "Oculus.VR.Scripts.Editor.csproj", "{E21D909D-C52B-0F3A-F1EF-93C1F3F38814}"
EndProject
Project("{FAE04EC0-301F-11D3-BF4B-00C04F79EFBC}") = "Oculus.VR.Editor", "Oculus.VR.Editor.csproj", "{A658720A-5A71-077B-CF36-F3F92A61BC49}"
EndProject
Project("{FAE04EC0-301F-11D3-BF4B-00C04F79EFBC}") = "Oculus.Platform.Editor", "Oculus.Platform.Editor.csproj", "{F5B17421-7796-B88D-2D16-6CE1D9D1FA0F}"
EndProject
Global
	GlobalSection(SolutionConfigurationPlatforms) = preSolution
		Debug|Any CPU = Debug|Any CPU
		Release|Any CPU = Release|Any CPU
	EndGlobalSection
	GlobalSection(ProjectConfigurationPlatforms) = postSolution
		{7AF9BAEB-92A3-7101-40ED-62C2E88EEE64}.Debug|Any CPU.ActiveCfg = Debug|Any CPU
		{7AF9BAEB-92A3-7101-40ED-62C2E88EEE64}.Debug|Any CPU.Build.0 = Debug|Any CPU
		{7AF9BAEB-92A3-7101-40ED-62C2E88EEE64}.Release|Any CPU.ActiveCfg = Release|Any CPU
		{7AF9BAEB-92A3-7101-40ED-62C2E88EEE64}.Release|Any CPU.Build.0 = Release|Any CPU
		{DED14F87-178F-627C-EB58-AD0BA189A70A}.Debug|Any CPU.ActiveCfg = Debug|Any CPU
		{DED14F87-178F-627C-EB58-AD0BA189A70A}.Debug|Any CPU.Build.0 = Debug|Any CPU
		{DED14F87-178F-627C-EB58-AD0BA189A70A}.Release|Any CPU.ActiveCfg = Release|Any CPU
		{DED14F87-178F-627C-EB58-AD0BA189A70A}.Release|Any CPU.Build.0 = Release|Any CPU
		{0EEB6D64-D841-31AF-FD20-CF39D1004351}.Debug|Any CPU.ActiveCfg = Debug|Any CPU
		{0EEB6D64-D841-31AF-FD20-CF39D1004351}.Debug|Any CPU.Build.0 = Debug|Any CPU
		{0EEB6D64-D841-31AF-FD20-CF39D1004351}.Release|Any CPU.ActiveCfg = Release|Any CPU
		{0EEB6D64-D841-31AF-FD20-CF39D1004351}.Release|Any CPU.Build.0 = Release|Any CPU
		{432D6500-C706-C804-BE66-AA1CD41F06B0}.Debug|Any CPU.ActiveCfg = Debug|Any CPU
		{432D6500-C706-C804-BE66-AA1CD41F06B0}.Debug|Any CPU.Build.0 = Debug|Any CPU
		{432D6500-C706-C804-BE66-AA1CD41F06B0}.Release|Any CPU.ActiveCfg = Release|Any CPU
		{432D6500-C706-C804-BE66-AA1CD41F06B0}.Release|Any CPU.Build.0 = Release|Any CPU
		{E21D909D-C52B-0F3A-F1EF-93C1F3F38814}.Debug|Any CPU.ActiveCfg = Debug|Any CPU
		{E21D909D-C52B-0F3A-F1EF-93C1F3F38814}.Debug|Any CPU.Build.0 = Debug|Any CPU
		{E21D909D-C52B-0F3A-F1EF-93C1F3F38814}.Release|Any CPU.ActiveCfg = Release|Any CPU
		{E21D909D-C52B-0F3A-F1EF-93C1F3F38814}.Release|Any CPU.Build.0 = Release|Any CPU
		{A658720A-5A71-077B-CF36-F3F92A61BC49}.Debug|Any CPU.ActiveCfg = Debug|Any CPU
		{A658720A-5A71-077B-CF36-F3F92A61BC49}.Debug|Any CPU.Build.0 = Debug|Any CPU
		{A658720A-5A71-077B-CF36-F3F92A61BC49}.Release|Any CPU.ActiveCfg = Release|Any CPU
		{A658720A-5A71-077B-CF36-F3F92A61BC49}.Release|Any CPU.Build.0 = Release|Any CPU
		{F5B17421-7796-B88D-2D16-6CE1D9D1FA0F}.Debug|Any CPU.ActiveCfg = Debug|Any CPU
		{F5B17421-7796-B88D-2D16-6CE1D9D1FA0F}.Debug|Any CPU.Build.0 = Debug|Any CPU
		{F5B17421-7796-B88D-2D16-6CE1D9D1FA0F}.Release|Any CPU.ActiveCfg = Release|Any CPU
		{F5B17421-7796-B88D-2D16-6CE1D9D1FA0F}.Release|Any CPU.Build.0 = Release|Any CPU
	EndGlobalSection
	GlobalSection(SolutionProperties) = preSolution
		HideSolutionNode = FALSE
	EndGlobalSection
EndGlobal
